
Microsoft Visual Studio Solution File, Format Version 12.00
# Visual Studio 15
VisualStudioVersion = 15.0.26730.16
MinimumVisualStudioVersion = 10.0.40219.1
Project("{FAE04EC0-301F-11D3-BF4B-00C04F79EFBC}") = "ChatClient", "ChatClient\ChatClient.csproj", "{5E925EF3-A014-49BF-BCFA-B19E5BE4554A}"
EndProject
Global
	GlobalSection(SolutionConfigurationPlatforms) = preSolution
		Debug|Any CPU = Debug|Any CPU
		Release|Any CPU = Release|Any CPU
	EndGlobalSection
	GlobalSection(ProjectConfigurationPlatforms) = postSolution
		{5E925EF3-A014-49BF-BCFA-B19E5BE4554A}.Debug|Any CPU.ActiveCfg = Debug|Any CPU
		{5E925EF3-A014-49BF-BCFA-B19E5BE4554A}.Debug|Any CPU.Build.0 = Debug|Any CPU
		{5E925EF3-A014-49BF-BCFA-B19E5BE4554A}.Release|Any CPU.ActiveCfg = Release|Any CPU
		{5E925EF3-A014-49BF-BCFA-B19E5BE4554A}.Release|Any CPU.Build.0 = Release|Any CPU
	EndGlobalSection
	GlobalSection(SolutionProperties) = preSolution
		HideSolutionNode = FALSE
	EndGlobalSection
	GlobalSection(ExtensibilityGlobals) = postSolution
		SolutionGuid = {B5777EA5-F5AC-4B4D-9DAA-212F5CC373CF}
	EndGlobalSection
EndGlobal
